Microsoft Visual Studio Solution File, Format Version 12.00
# Visual Studio Version 17
VisualStudioVersion = 17.5.2.0
MinimumVisualStudioVersion = 10.0.40219.1
Project("{FAE04EC0-301F-11D3-BF4B-00C04F79EFBC}") = "ScraperGUI", "ScraperGUI.csproj", "{689CB7F6-EFB5-1067-45CE-895ACF9FDF5B}"
EndProject
Global
	GlobalSection(SolutionConfigurationPlatforms) = preSolution
		Debug|Any CPU = Debug|Any CPU
		Release|Any CPU = Release|Any CPU
	EndGlobalSection
	GlobalSection(ProjectConfigurationPlatforms) = postSolution
		{689CB7F6-EFB5-1067-45CE-895ACF9FDF5B}.Debug|Any CPU.ActiveCfg = Debug|Any CPU
		{689CB7F6-EFB5-1067-45CE-895ACF9FDF5B}.Debug|Any CPU.Build.0 = Debug|Any CPU
		{689CB7F6-EFB5-1067-45CE-895ACF9FDF5B}.Release|Any CPU.ActiveCfg = Release|Any CPU
		{689CB7F6-EFB5-1067-45CE-895ACF9FDF5B}.Release|Any CPU.Build.0 = Release|Any CPU
	EndGlobalSection
	GlobalSection(SolutionProperties) = preSolution
		HideSolutionNode = FALSE
	EndGlobalSection
	GlobalSection(ExtensibilityGlobals) = postSolution
		SolutionGuid = {789575DD-139A-40CC-8DE8-FA6FB0E94A74}
	EndGlobalSection
EndGlobal
